// !$*UTF8*$!
{
	archiveVersion = 1;
	classes = {
	};
	objectVersion = 46;
	objects = {

/* Begin PBXBuildFile section */
		18C4F69517B66F3000589E70 /* LICENSE.txt in Resources */ = {isa = PBXBuildFile; fileRef = 18C4F69417B66F2F00589E70 /* LICENSE.txt */; };
		BE0F4A9515D3CACE005D7D69 /* UIKit.framework in Frameworks */ = {isa = PBXBuildFile; fileRef = BE0F4A9415D3CACE005D7D69 /* UIKit.framework */; };
		BE0F4A9715D3CACE005D7D69 /* Foundation.framework in Frameworks */ = {isa = PBXBuildFile; fileRef = BE0F4A9615D3CACE005D7D69 /* Foundation.framework */; };
		BE0F4A9915D3CACE005D7D69 /* CoreGraphics.framework in Frameworks */ = {isa = PBXBuildFile; fileRef = BE0F4A9815D3CACE005D7D69 /* CoreGraphics.framework */; };
		BE0F4A9F15D3CACF005D7D69 /* InfoPlist.strings in Resources */ = {isa = PBXBuildFile; fileRef = BE0F4A9D15D3CACF005D7D69 /* InfoPlist.strings */; };
		BE0F4AA115D3CACF005D7D69 /* main.m in Sources */ = {isa = PBXBuildFile; fileRef = BE0F4AA015D3CACF005D7D69 /* main.m */; };
		BE0F4AA515D3CACF005D7D69 /* AppDelegate.m in Sources */ = {isa = PBXBuildFile; fileRef = BE0F4AA415D3CACF005D7D69 /* AppDelegate.m */; };
		BE0F4AA815D3CACF005D7D69 /* ViewController.m in Sources */ = {isa = PBXBuildFile; fileRef = BE0F4AA715D3CACF005D7D69 /* ViewController.m */; };
		BE0F4AAB15D3CACF005D7D69 /* ViewController.xib in Resources */ = {isa = PBXBuildFile; fileRef = BE0F4AA915D3CACF005D7D69 /* ViewController.xib */; };
		BE0F4AB915D3CB9D005D7D69 /* CALayer+animation.m in Sources */ = {isa = PBXBuildFile; fileRef = BE0F4AB415D3CB9D005D7D69 /* CALayer+animation.m */; };
		BE0F4ABA15D3CB9D005D7D69 /* SMBSpinnerView.m in Sources */ = {isa = PBXBuildFile; fileRef = BE0F4AB615D3CB9D005D7D69 /* SMBSpinnerView.m */; };
		BE0F4ABB15D3CB9D005D7D69 /* SpinnerLayer.m in Sources */ = {isa = PBXBuildFile; fileRef = BE0F4AB815D3CB9D005D7D69 /* SpinnerLayer.m */; };
		BE0F4ABD15D3CEB0005D7D69 /* QuartzCore.framework in Frameworks */ = {isa = PBXBuildFile; fileRef = BE0F4ABC15D3CEB0005D7D69 /* QuartzCore.framework */; };
/* End PBXBuildFile section */

/* Begin PBXFileReference section */
		18C4F69217B66F0C00589E70 /* README.md */ = {isa = PBXFileReference; fileEncoding = 4; lastKnownFileType = text; path = README.md; sourceTree = "<group>"; };
		18C4F69417B66F2F00589E70 /* LICENSE.txt */ = {isa = PBXFileReference; fileEncoding = 4; lastKnownFileType = text; path = LICENSE.txt; sourceTree = "<group>"; };
		BE0F4A9015D3CACE005D7D69 /* SMBSpinnerView.app */ = {isa = PBXFileReference; explicitFileType = wrapper.application; includeInIndex = 0; path = SMBSpinnerView.app; sourceTree = BUILT_PRODUCTS_DIR; };
		BE0F4A9415D3CACE005D7D69 /* UIKit.framework */ = {isa = PBXFileReference; lastKnownFileType = wrapper.framework; name = UIKit.framework; path = System/Library/Frameworks/UIKit.framework; sourceTree = SDKROOT; };
		BE0F4A9615D3CACE005D7D69 /* Foundation.framework */ = {isa = PBXFileReference; lastKnownFileType = wrapper.framework; name = Foundation.framework; path = System/Library/Frameworks/Foundation.framework; sourceTree = SDKROOT; };
		BE0F4A9815D3CACE005D7D69 /* CoreGraphics.framework */ = {isa = PBXFileReference; lastKnownFileType = wrapper.framework; name = CoreGraphics.framework; path = System/Library/Frameworks/CoreGraphics.framework; sourceTree = SDKROOT; };
		BE0F4A9C15D3CACF005D7D69 /* SMBSpinnerView-Info.plist */ = {isa = PBXFileReference; lastKnownFileType = text.plist.xml; path = "SMBSpinnerView-Info.plist"; sourceTree = "<group>"; };
		BE0F4A9E15D3CACF005D7D69 /* en */ = {isa = PBXFileReference; lastKnownFileType = text.plist.strings; name = en; path = en.lproj/InfoPlist.strings; sourceTree = "<group>"; };
		BE0F4AA015D3CACF005D7D69 /* main.m */ = {isa = PBXFileReference; lastKnownFileType = sourcecode.c.objc; path = main.m; sourceTree = "<group>"; };
		BE0F4AA215D3CACF005D7D69 /* SMBSpinnerView-Prefix.pch */ = {isa = PBXFileReference; lastKnownFileType = sourcecode.c.h; path = "SMBSpinnerView-Prefix.pch"; sourceTree = "<group>"; };
		BE0F4AA315D3CACF005D7D69 /* AppDelegate.h */ = {isa = PBXFileReference; lastKnownFileType = sourcecode.c.h; path = AppDelegate.h; sourceTree = "<group>"; };
		BE0F4AA415D3CACF005D7D69 /* AppDelegate.m */ = {isa = PBXFileReference; lastKnownFileType = sourcecode.c.objc; path = AppDelegate.m; sourceTree = "<group>"; };
		BE0F4AA615D3CACF005D7D69 /* ViewController.h */ = {isa = PBXFileReference; lastKnownFileType = sourcecode.c.h; path = ViewController.h; sourceTree = "<group>"; };
		BE0F4AA715D3CACF005D7D69 /* ViewController.m */ = {isa = PBXFileReference; lastKnownFileType = sourcecode.c.objc; path = ViewController.m; sourceTree = "<group>"; };
		BE0F4AAA15D3CACF005D7D69 /* en */ = {isa = PBXFileReference; lastKnownFileType = file.xib; name = en; path = en.lproj/ViewController.xib; sourceTree = "<group>"; };
		BE0F4AB315D3CB9D005D7D69 /* CALayer+animation.h */ = {isa = PBXFileReference; fileEncoding = 4; lastKnownFileType = sourcecode.c.h; path = "CALayer+animation.h"; sourceTree = "<group>"; };
		BE0F4AB415D3CB9D005D7D69 /* CALayer+animation.m */ = {isa = PBXFileReference; fileEncoding = 4; lastKnownFileType = sourcecode.c.objc; path = "CALayer+animation.m"; sourceTree = "<group>"; };
		BE0F4AB515D3CB9D005D7D69 /* SMBSpinnerView.h */ = {isa = PBXFileReference; fileEncoding = 4; lastKnownFileType = sourcecode.c.h; path = SMBSpinnerView.h; sourceTree = "<group>"; };
		BE0F4AB615D3CB9D005D7D69 /* SMBSpinnerView.m */ = {isa = PBXFileReference; fileEncoding = 4; lastKnownFileType = sourcecode.c.objc; path = SMBSpinnerView.m; sourceTree = "<group>"; };
		BE0F4AB715D3CB9D005D7D69 /* SpinnerLayer.h */ = {isa = PBXFileReference; fileEncoding = 4; lastKnownFileType = sourcecode.c.h; path = SpinnerLayer.h; sourceTree = "<group>"; };
		BE0F4AB815D3CB9D005D7D69 /* SpinnerLayer.m */ = {isa = PBXFileReference; fileEncoding = 4; lastKnownFileType = sourcecode.c.objc; path = SpinnerLayer.m; sourceTree = "<group>"; };
		BE0F4ABC15D3CEB0005D7D69 /* QuartzCore.framework */ = {isa = PBXFileReference; lastKnownFileType = wrapper.framework; name = QuartzCore.framework; path = System/Library/Frameworks/QuartzCore.framework; sourceTree = SDKROOT; };
/* End PBXFileReference section */

/* Begin PBXFrameworksBuildPhase section */
		BE0F4A8D15D3CACE005D7D69 /* Frameworks */ = {
			isa = PBXFrameworksBuildPhase;
			buildActionMask = 2147483647;
			files = (
				BE0F4ABD15D3CEB0005D7D69 /* QuartzCore.framework in Frameworks */,
				BE0F4A9515D3CACE005D7D69 /* UIKit.framework in Frameworks */,
				BE0F4A9715D3CACE005D7D69 /* Foundation.framework in Frameworks */,
				BE0F4A9915D3CACE005D7D69 /* CoreGraphics.framework in Frameworks */,
			);
			runOnlyForDeploymentPostprocessing = 0;
		};
/* End PBXFrameworksBuildPhase section */

/* Begin PBXGroup section */
		BE0F4A8515D3CACB005D7D69 = {
			isa = PBXGroup;
			children = (
				18C4F69417B66F2F00589E70 /* LICENSE.txt */,
				18C4F69217B66F0C00589E70 /* README.md */,
				BE0F4AB115D3CB9D005D7D69 /* Library */,
				BE0F4A9A15D3CACE005D7D69 /* SMBSpinnerView */,
				BE0F4A9315D3CACE005D7D69 /* Frameworks */,
				BE0F4A9115D3CACE005D7D69 /* Products */,
			);
			sourceTree = "<group>";
		};
		BE0F4A9115D3CACE005D7D69 /* Products */ = {
			isa = PBXGroup;
			children = (
				BE0F4A9015D3CACE005D7D69 /* SMBSpinnerView.app */,
			);
			name = Products;
			sourceTree = "<group>";
		};
		BE0F4A9315D3CACE005D7D69 /* Frameworks */ = {
			isa = PBXGroup;
			children = (
				BE0F4ABC15D3CEB0005D7D69 /* QuartzCore.framework */,
				BE0F4A9415D3CACE005D7D69 /* UIKit.framework */,
				BE0F4A9615D3CACE005D7D69 /* Foundation.framework */,
				BE0F4A9815D3CACE005D7D69 /* CoreGraphics.framework */,
			);
			name = Frameworks;
			sourceTree = "<group>";
		};
		BE0F4A9A15D3CACE005D7D69 /* SMBSpinnerView */ = {
			isa = PBXGroup;
			children = (
				BE0F4AA315D3CACF005D7D69 /* AppDelegate.h */,
				BE0F4AA415D3CACF005D7D69 /* AppDelegate.m */,
				BE0F4AA615D3CACF005D7D69 /* ViewController.h */,
				BE0F4AA715D3CACF005D7D69 /* ViewController.m */,
				BE0F4AA915D3CACF005D7D69 /* ViewController.xib */,
				BE0F4A9B15D3CACF005D7D69 /* Supporting Files */,
			);
			path = SMBSpinnerView;
			sourceTree = "<group>";
		};
		BE0F4A9B15D3CACF005D7D69 /* Supporting Files */ = {
			isa = PBXGroup;
			children = (
				BE0F4A9C15D3CACF005D7D69 /* SMBSpinnerView-Info.plist */,
				BE0F4A9D15D3CACF005D7D69 /* InfoPlist.strings */,
				BE0F4AA015D3CACF005D7D69 /* main.m */,
				BE0F4AA215D3CACF005D7D69 /* SMBSpinnerView-Prefix.pch */,
			);
			name = "Supporting Files";
			sourceTree = "<group>";
		};
		BE0F4AB115D3CB9D005D7D69 /* Library */ = {
			isa = PBXGroup;
			children = (
				BE0F4AB215D3CB9D005D7D69 /* SMBSpinnerView */,
			);
			name = Library;
			path = SMBSpinnerView/Library;
			sourceTree = "<group>";
		};
		BE0F4AB215D3CB9D005D7D69 /* SMBSpinnerView */ = {
			isa = PBXGroup;
			children = (
				BE0F4AB315D3CB9D005D7D69 /* CALayer+animation.h */,
				BE0F4AB415D3CB9D005D7D69 /* CALayer+animation.m */,
				BE0F4AB515D3CB9D005D7D69 /* SMBSpinnerView.h */,
				BE0F4AB615D3CB9D005D7D69 /* SMBSpinnerView.m */,
				BE0F4AB715D3CB9D005D7D69 /* SpinnerLayer.h */,
				BE0F4AB815D3CB9D005D7D69 /* SpinnerLayer.m */,
			);
			path = SMBSpinnerView;
			sourceTree = "<group>";
		};
/* End PBXGroup section */

/* Begin PBXNativeTarget section */
		BE0F4A8F15D3CACE005D7D69 /* SMBSpinnerView */ = {
			isa = PBXNativeTarget;
			buildConfigurationList = BE0F4AAE15D3CACF005D7D69 /* Build configuration list for PBXNativeTarget "SMBSpinnerView" */;
			buildPhases = (
				BE0F4A8C15D3CACE005D7D69 /* Sources */,
				BE0F4A8D15D3CACE005D7D69 /* Frameworks */,
				BE0F4A8E15D3CACE005D7D69 /* Resources */,
			);
			buildRules = (
			);
			dependencies = (
			);
			name = SMBSpinnerView;
			productName = SMBSpinnerView;
			productReference = BE0F4A9015D3CACE005D7D69 /* SMBSpinnerView.app */;
			productType = "com.apple.product-type.application";
		};
/* End PBXNativeTarget section */

/* Begin PBXProject section */
		BE0F4A8715D3CACC005D7D69 /* Project object */ = {
			isa = PBXProject;
			attributes = {
				LastUpgradeCheck = 0420;
			};
			buildConfigurationList = BE0F4A8A15D3CACC005D7D69 /* Build configuration list for PBXProject "SMBSpinnerView" */;
			compatibilityVersion = "Xcode 3.2";
			developmentRegion = English;
			hasScannedForEncodings = 0;
			knownRegions = (
				en,
			);
			mainGroup = BE0F4A8515D3CACB005D7D69;
			productRefGroup = BE0F4A9115D3CACE005D7D69 /* Products */;
			projectDirPath = "";
			projectRoot = "";
			targets = (
				BE0F4A8F15D3CACE005D7D69 /* SMBSpinnerView */,
			);
		};
/* End PBXProject section */

/* Begin PBXResourcesBuildPhase section */
		BE0F4A8E15D3CACE005D7D69 /* Resources */ = {
			isa = PBXResourcesBuildPhase;
			buildActionMask = 2147483647;
			files = (
				BE0F4A9F15D3CACF005D7D69 /* InfoPlist.strings in Resources */,
				BE0F4AAB15D3CACF005D7D69 /* ViewController.xib in Resources */,
				18C4F69517B66F3000589E70 /* LICENSE.txt in Resources */,
			);
			runOnlyForDeploymentPostprocessing = 0;
		};
/* End PBXResourcesBuildPhase section */

/* Begin PBXSourcesBuildPhase section */
		BE0F4A8C15D3CACE005D7D69 /* Sources */ = {
			isa = PBXSourcesBuildPhase;
			buildActionMask = 2147483647;
			files = (
				BE0F4AA115D3CACF005D7D69 /* main.m in Sources */,
				BE0F4AA515D3CACF005D7D69 /* AppDelegate.m in Sources */,
				BE0F4AA815D3CACF005D7D69 /* ViewController.m in Sources */,
				BE0F4AB915D3CB9D005D7D69 /* CALayer+animation.m in Sources */,
				BE0F4ABA15D3CB9D005D7D69 /* SMBSpinnerView.m in Sources */,
				BE0F4ABB15D3CB9D005D7D69 /* SpinnerLayer.m in Sources */,
			);
			runOnlyForDeploymentPostprocessing = 0;
		};
/* End PBXSourcesBuildPhase section */

/* Begin PBXVariantGroup section */
		BE0F4A9D15D3CACF005D7D69 /* InfoPlist.strings */ = {
			isa = PBXVariantGroup;
			children = (
				BE0F4A9E15D3CACF005D7D69 /* en */,
			);
			name = InfoPlist.strings;
			sourceTree = "<group>";
		};
		BE0F4AA915D3CACF005D7D69 /* ViewController.xib */ = {
			isa = PBXVariantGroup;
			children = (
				BE0F4AAA15D3CACF005D7D69 /* en */,
			);
			name = ViewController.xib;
			sourceTree = "<group>";
		};
/* End PBXVariantGroup section */

/* Begin XCBuildConfiguration section */
		BE0F4AAC15D3CACF005D7D69 /* Debug */ = {
			isa = XCBuildConfiguration;
			buildSettings = {
				ALWAYS_SEARCH_USER_PATHS = NO;
				ARCHS = "$(ARCHS_STANDARD_32_BIT)";
				"CODE_SIGN_IDENTITY[sdk=iphoneos*]" = "iPhone Developer";
				COPY_PHASE_STRIP = NO;
				GCC_C_LANGUAGE_STANDARD = gnu99;
				GCC_DYNAMIC_NO_PIC = NO;
				GCC_OPTIMIZATION_LEVEL = 0;
				GCC_PREPROCESSOR_DEFINITIONS = (
					"DEBUG=1",
					"$(inherited)",
				);
				GCC_SYMBOLS_PRIVATE_EXTERN = NO;
				GCC_VERSION = com.apple.compilers.llvm.clang.1_0;
				GCC_WARN_ABOUT_MISSING_PROTOTYPES = YES;
				GCC_WARN_ABOUT_RETURN_TYPE = YES;
				GCC_WARN_UNUSED_VARIABLE = YES;
				IPHONEOS_DEPLOYMENT_TARGET = 5.1;
				SDKROOT = iphoneos;
			};
			name = Debug;
		};
		BE0F4AAD15D3CACF005D7D69 /* Release */ = {
			isa = XCBuildConfiguration;
			buildSettings = {
				ALWAYS_SEARCH_USER_PATHS = NO;
				ARCHS = "$(ARCHS_STANDARD_32_BIT)";
				"CODE_SIGN_IDENTITY[sdk=iphoneos*]" = "iPhone Developer";
				COPY_PHASE_STRIP = YES;
				GCC_C_LANGUAGE_STANDARD = gnu99;
				GCC_VERSION = com.apple.compilers.llvm.clang.1_0;
				GCC_WARN_ABOUT_MISSING_PROTOTYPES = YES;
				GCC_WARN_ABOUT_RETURN_TYPE = YES;
				GCC_WARN_UNUSED_VARIABLE = YES;
				IPHONEOS_DEPLOYMENT_TARGET = 5.1;
				OTHER_CFLAGS = "-DNS_BLOCK_ASSERTIONS=1";
				SDKROOT = iphoneos;
				VALIDATE_PRODUCT = YES;
			};
			name = Release;
		};
		BE0F4AAF15D3CACF005D7D69 /* Debug */ = {
			isa = XCBuildConfiguration;
			buildSettings = {
				CODE_SIGN_IDENTITY = "iPhone Developer";
				GCC_PRECOMPILE_PREFIX_HEADER = YES;
				GCC_PREFIX_HEADER = "SMBSpinnerView/SMBSpinnerView-Prefix.pch";
				INFOPLIST_FILE = "SMBSpinnerView/SMBSpinnerView-Info.plist";
				PRODUCT_NAME = "$(TARGET_NAME)";
				PROVISIONING_PROFILE = "";
				WRAPPER_EXTENSION = app;
			};
			name = Debug;
		};
		BE0F4AB015D3CACF005D7D69 /* Release */ = {
			isa = XCBuildConfiguration;
			buildSettings = {
				CODE_SIGN_IDENTITY = "iPhone Developer";
				GCC_PRECOMPILE_PREFIX_HEADER = YES;
				GCC_PREFIX_HEADER = "SMBSpinnerView/SMBSpinnerView-Prefix.pch";
				INFOPLIST_FILE = "SMBSpinnerView/SMBSpinnerView-Info.plist";
				PRODUCT_NAME = "$(TARGET_NAME)";
				PROVISIONING_PROFILE = "";
				WRAPPER_EXTENSION = app;
			};
			name = Release;
		};
/* End XCBuildConfiguration section */

/* Begin XCConfigurationList section */
		BE0F4A8A15D3CACC005D7D69 /* Build configuration list for PBXProject "SMBSpinnerView" */ = {
			isa = XCConfigurationList;
			buildConfigurations = (
				BE0F4AAC15D3CACF005D7D69 /* Debug */,
				BE0F4AAD15D3CACF005D7D69 /* Release */,
			);
			defaultConfigurationIsVisible = 0;
			defaultConfigurationName = Release;
		};
		BE0F4AAE15D3CACF005D7D69 /* Build configuration list for PBXNativeTarget "SMBSpinnerView" */ = {
			isa = XCConfigurationList;
			buildConfigurations = (
				BE0F4AAF15D3CACF005D7D69 /* Debug */,
				BE0F4AB015D3CACF005D7D69 /* Release */,
			);
			defaultConfigurationIsVisible = 0;
			defaultConfigurationName = Release;
		};
/* End XCConfigurationList section */
	};
	rootObject = BE0F4A8715D3CACC005D7D69 /* Project object */;
}
